
Microsoft Visual Studio Solution File, Format Version 11.00
# Visual Studio 2010
Project("{FAE04EC0-301F-11D3-BF4B-00C04F79EFBC}") = "classnote", "classnote\classnote.csproj", "{09C4176D-BF3E-4BED-9050-36E58E73CA9A}"
EndProject
Project("{FAE04EC0-301F-11D3-BF4B-00C04F79EFBC}") = "test", "test\test.csproj", "{1B233473-7527-4E61-AC50-A607941EBD61}"
EndProject
Project("{FAE04EC0-301F-11D3-BF4B-00C04F79EFBC}") = "test2", "test2\test2.csproj", "{F06E146A-0A94-49BC-A647-41277D346E86}"
EndProject
Project("{FAE04EC0-301F-11D3-BF4B-00C04F79EFBC}") = "homework", "..\homework\homework\homework.csproj", "{8EAD8224-28A5-4B17-8171-81AD8617D837}"
EndProject
Project("{FAE04EC0-301F-11D3-BF4B-00C04F79EFBC}") = "ClassLibrary", "ClassLibrary\ClassLibrary.csproj", "{E134FCC5-A78B-474B-833E-410C627F69F0}"
EndProject
Global
	GlobalSection(SolutionConfigurationPlatforms) = preSolution
		Debug|Any CPU = Debug|Any CPU
		Debug|Mixed Platforms = Debug|Mixed Platforms
		Debug|x86 = Debug|x86
		Release|Any CPU = Release|Any CPU
		Release|Mixed Platforms = Release|Mixed Platforms
		Release|x86 = Release|x86
	EndGlobalSection
	GlobalSection(ProjectConfigurationPlatforms) = postSolution
		{09C4176D-BF3E-4BED-9050-36E58E73CA9A}.Debug|Any CPU.ActiveCfg = Debug|x86
		{09C4176D-BF3E-4BED-9050-36E58E73CA9A}.Debug|Mixed Platforms.ActiveCfg = Debug|x86
		{09C4176D-BF3E-4BED-9050-36E58E73CA9A}.Debug|Mixed Platforms.Build.0 = Debug|x86
		{09C4176D-BF3E-4BED-9050-36E58E73CA9A}.Debug|x86.ActiveCfg = Debug|x86
		{09C4176D-BF3E-4BED-9050-36E58E73CA9A}.Debug|x86.Build.0 = Debug|x86
		{09C4176D-BF3E-4BED-9050-36E58E73CA9A}.Release|Any CPU.ActiveCfg = Release|x86
		{09C4176D-BF3E-4BED-9050-36E58E73CA9A}.Release|Mixed Platforms.ActiveCfg = Release|x86
		{09C4176D-BF3E-4BED-9050-36E58E73CA9A}.Release|Mixed Platforms.Build.0 = Release|x86
		{09C4176D-BF3E-4BED-9050-36E58E73CA9A}.Release|x86.ActiveCfg = Release|x86
		{09C4176D-BF3E-4BED-9050-36E58E73CA9A}.Release|x86.Build.0 = Release|x86
		{1B233473-7527-4E61-AC50-A607941EBD61}.Debug|Any CPU.ActiveCfg = Debug|x86
		{1B233473-7527-4E61-AC50-A607941EBD61}.Debug|Mixed Platforms.ActiveCfg = Debug|x86
		{1B233473-7527-4E61-AC50-A607941EBD61}.Debug|Mixed Platforms.Build.0 = Debug|x86
		{1B233473-7527-4E61-AC50-A607941EBD61}.Debug|x86.ActiveCfg = Debug|x86
		{1B233473-7527-4E61-AC50-A607941EBD61}.Debug|x86.Build.0 = Debug|x86
		{1B233473-7527-4E61-AC50-A607941EBD61}.Release|Any CPU.ActiveCfg = Release|x86
		{1B233473-7527-4E61-AC50-A607941EBD61}.Release|Mixed Platforms.ActiveCfg = Release|x86
		{1B233473-7527-4E61-AC50-A607941EBD61}.Release|Mixed Platforms.Build.0 = Release|x86
		{1B233473-7527-4E61-AC50-A607941EBD61}.Release|x86.ActiveCfg = Release|x86
		{1B233473-7527-4E61-AC50-A607941EBD61}.Release|x86.Build.0 = Release|x86
		{F06E146A-0A94-49BC-A647-41277D346E86}.Debug|Any CPU.ActiveCfg = Debug|x86
		{F06E146A-0A94-49BC-A647-41277D346E86}.Debug|Mixed Platforms.ActiveCfg = Debug|x86
		{F06E146A-0A94-49BC-A647-41277D346E86}.Debug|x86.ActiveCfg = Debug|x86
		{F06E146A-0A94-49BC-A647-41277D346E86}.Debug|x86.Build.0 = Debug|x86
		{F06E146A-0A94-49BC-A647-41277D346E86}.Release|Any CPU.ActiveCfg = Release|x86
		{F06E146A-0A94-49BC-A647-41277D346E86}.Release|Mixed Platforms.ActiveCfg = Release|x86
		{F06E146A-0A94-49BC-A647-41277D346E86}.Release|x86.ActiveCfg = Release|x86
		{F06E146A-0A94-49BC-A647-41277D346E86}.Release|x86.Build.0 = Release|x86
		{8EAD8224-28A5-4B17-8171-81AD8617D837}.Debug|Any CPU.ActiveCfg = Debug|x86
		{8EAD8224-28A5-4B17-8171-81AD8617D837}.Debug|Mixed Platforms.ActiveCfg = Debug|x86
		{8EAD8224-28A5-4B17-8171-81AD8617D837}.Debug|Mixed Platforms.Build.0 = Debug|x86
		{8EAD8224-28A5-4B17-8171-81AD8617D837}.Debug|x86.ActiveCfg = Debug|x86
		{8EAD8224-28A5-4B17-8171-81AD8617D837}.Debug|x86.Build.0 = Debug|x86
		{8EAD8224-28A5-4B17-8171-81AD8617D837}.Release|Any CPU.ActiveCfg = Release|x86
		{8EAD8224-28A5-4B17-8171-81AD8617D837}.Release|Mixed Platforms.ActiveCfg = Release|x86
		{8EAD8224-28A5-4B17-8171-81AD8617D837}.Release|Mixed Platforms.Build.0 = Release|x86
		{8EAD8224-28A5-4B17-8171-81AD8617D837}.Release|x86.ActiveCfg = Release|x86
		{8EAD8224-28A5-4B17-8171-81AD8617D837}.Release|x86.Build.0 = Release|x86
		{E134FCC5-A78B-474B-833E-410C627F69F0}.Debug|Any CPU.ActiveCfg = Debug|Any CPU
		{E134FCC5-A78B-474B-833E-410C627F69F0}.Debug|Any CPU.Build.0 = Debug|Any CPU
		{E134FCC5-A78B-474B-833E-410C627F69F0}.Debug|Mixed Platforms.ActiveCfg = Debug|Any CPU
		{E134FCC5-A78B-474B-833E-410C627F69F0}.Debug|Mixed Platforms.Build.0 = Debug|Any CPU
		{E134FCC5-A78B-474B-833E-410C627F69F0}.Debug|x86.ActiveCfg = Debug|Any CPU
		{E134FCC5-A78B-474B-833E-410C627F69F0}.Release|Any CPU.ActiveCfg = Release|Any CPU
		{E134FCC5-A78B-474B-833E-410C627F69F0}.Release|Any CPU.Build.0 = Release|Any CPU
		{E134FCC5-A78B-474B-833E-410C627F69F0}.Release|Mixed Platforms.ActiveCfg = Release|Any CPU
		{E134FCC5-A78B-474B-833E-410C627F69F0}.Release|Mixed Platforms.Build.0 = Release|Any CPU
		{E134FCC5-A78B-474B-833E-410C627F69F0}.Release|x86.ActiveCfg = Release|Any CPU
	EndGlobalSection
	GlobalSection(SolutionProperties) = preSolution
		HideSolutionNode = FALSE
	EndGlobalSection
EndGlobal
